
Microsoft Visual Studio Solution File, Format Version 12.00
# Visual Studio Version 16
VisualStudioVersion = 16.0.32602.291
MinimumVisualStudioVersion = 10.0.40219.1
Project("{8BC9CEB8-8B4A-11D0-8D11-00A0C91BC942}") = "mult", "mult\mult.vcxproj", "{C9161BFC-72D8-4A61-AE78-9DAA8721828C}"
EndProject
Global
	GlobalSection(SolutionConfigurationPlatforms) = preSolution
		Debug|x64 = Debug|x64
		Debug|x86 = Debug|x86
		Release|x64 = Release|x64
		Release|x86 = Release|x86
	EndGlobalSection
	GlobalSection(ProjectConfigurationPlatforms) = postSolution
		{C9161BFC-72D8-4A61-AE78-9DAA8721828C}.Debug|x64.ActiveCfg = Debug|x64
		{C9161BFC-72D8-4A61-AE78-9DAA8721828C}.Debug|x64.Build.0 = Debug|x64
		{C9161BFC-72D8-4A61-AE78-9DAA8721828C}.Debug|x86.ActiveCfg = Debug|Win32
		{C9161BFC-72D8-4A61-AE78-9DAA8721828C}.Debug|x86.Build.0 = Debug|Win32
		{C9161BFC-72D8-4A61-AE78-9DAA8721828C}.Release|x64.ActiveCfg = Release|x64
		{C9161BFC-72D8-4A61-AE78-9DAA8721828C}.Release|x64.Build.0 = Release|x64
		{C9161BFC-72D8-4A61-AE78-9DAA8721828C}.Release|x86.ActiveCfg = Release|Win32
		{C9161BFC-72D8-4A61-AE78-9DAA8721828C}.Release|x86.Build.0 = Release|Win32
	EndGlobalSection
	GlobalSection(SolutionProperties) = preSolution
		HideSolutionNode = FALSE
	EndGlobalSection
	GlobalSection(ExtensibilityGlobals) = postSolution
		SolutionGuid = {3E381DF4-50FD-4E8C-8979-38B913452ED5}
	EndGlobalSection
EndGlobal
